
Microsoft Visual Studio Solution File, Format Version 12.00
# Visual Studio Version 16
VisualStudioVersion = 16.0.29519.87
MinimumVisualStudioVersion = 10.0.40219.1
Project("{8BC9CEB8-8B4A-11D0-8D11-00A0C91BC942}") = "MemoryOper", "MemoryOper\MemoryOper.vcxproj", "{46EDD2C7-07AC-4823-A2FE-A88528C9036B}"
EndProject
Project("{2150E333-8FDC-42A3-9474-1A3956D46DE8}") = "CommonFiles", "CommonFiles", "{2CE2E9C7-BE08-4789-8B0C-EBAA146F1A22}"
EndProject
Project("{8BC9CEB8-8B4A-11D0-8D11-00A0C91BC942}") = "GetContact", "GetContact\GetContact.vcxproj", "{D17089E0-B8B9-4858-B08C-F600B94499B6}"
EndProject
Project("{8BC9CEB8-8B4A-11D0-8D11-00A0C91BC942}") = "InjectDllTools", "InjectDllTools\InjectDllTools.vcxproj", "{6F41A39D-7C03-46D1-BE86-1E6CA6090FE3}"
EndProject
Project("{8BC9CEB8-8B4A-11D0-8D11-00A0C91BC942}") = "WxUserInfo", "WxUserInfo\WxUserInfo.vcxproj", "{96CDBDE3-4FCF-4150-8D9A-97881F17CAAA}"
EndProject
Project("{8BC9CEB8-8B4A-11D0-8D11-00A0C91BC942}") = "WxMsgReceive", "WxMsgReceive\WxMsgReceive.vcxproj", "{A1D0A298-3CB5-4D57-B270-EC88EE01BB66}"
EndProject
Project("{8BC9CEB8-8B4A-11D0-8D11-00A0C91BC942}") = "WxMsgSendText", "WxMsgSendText\WxMsgSendText.vcxproj", "{5A58E726-AEF8-4B00-BA04-8579223E1D8E}"
EndProject
Global
	GlobalSection(SolutionConfigurationPlatforms) = preSolution
		Debug|x64 = Debug|x64
		Debug|x86 = Debug|x86
		Release|x64 = Release|x64
		Release|x86 = Release|x86
	EndGlobalSection
	GlobalSection(ProjectConfigurationPlatforms) = postSolution
		{46EDD2C7-07AC-4823-A2FE-A88528C9036B}.Debug|x64.ActiveCfg = Debug|x64
		{46EDD2C7-07AC-4823-A2FE-A88528C9036B}.Debug|x64.Build.0 = Debug|x64
		{46EDD2C7-07AC-4823-A2FE-A88528C9036B}.Debug|x86.ActiveCfg = Debug|Win32
		{46EDD2C7-07AC-4823-A2FE-A88528C9036B}.Debug|x86.Build.0 = Debug|Win32
		{46EDD2C7-07AC-4823-A2FE-A88528C9036B}.Release|x64.ActiveCfg = Release|x64
		{46EDD2C7-07AC-4823-A2FE-A88528C9036B}.Release|x64.Build.0 = Release|x64
		{46EDD2C7-07AC-4823-A2FE-A88528C9036B}.Release|x86.ActiveCfg = Release|Win32
		{46EDD2C7-07AC-4823-A2FE-A88528C9036B}.Release|x86.Build.0 = Release|Win32
		{D17089E0-B8B9-4858-B08C-F600B94499B6}.Debug|x64.ActiveCfg = Debug|x64
		{D17089E0-B8B9-4858-B08C-F600B94499B6}.Debug|x64.Build.0 = Debug|x64
		{D17089E0-B8B9-4858-B08C-F600B94499B6}.Debug|x86.ActiveCfg = Debug|Win32
		{D17089E0-B8B9-4858-B08C-F600B94499B6}.Debug|x86.Build.0 = Debug|Win32
		{D17089E0-B8B9-4858-B08C-F600B94499B6}.Release|x64.ActiveCfg = Release|x64
		{D17089E0-B8B9-4858-B08C-F600B94499B6}.Release|x64.Build.0 = Release|x64
		{D17089E0-B8B9-4858-B08C-F600B94499B6}.Release|x86.ActiveCfg = Release|Win32
		{D17089E0-B8B9-4858-B08C-F600B94499B6}.Release|x86.Build.0 = Release|Win32
		{6F41A39D-7C03-46D1-BE86-1E6CA6090FE3}.Debug|x64.ActiveCfg = Debug|x64
		{6F41A39D-7C03-46D1-BE86-1E6CA6090FE3}.Debug|x64.Build.0 = Debug|x64
		{6F41A39D-7C03-46D1-BE86-1E6CA6090FE3}.Debug|x86.ActiveCfg = Debug|Win32
		{6F41A39D-7C03-46D1-BE86-1E6CA6090FE3}.Debug|x86.Build.0 = Debug|Win32
		{6F41A39D-7C03-46D1-BE86-1E6CA6090FE3}.Release|x64.ActiveCfg = Release|x64
		{6F41A39D-7C03-46D1-BE86-1E6CA6090FE3}.Release|x64.Build.0 = Release|x64
		{6F41A39D-7C03-46D1-BE86-1E6CA6090FE3}.Release|x86.ActiveCfg = Release|Win32
		{6F41A39D-7C03-46D1-BE86-1E6CA6090FE3}.Release|x86.Build.0 = Release|Win32
		{96CDBDE3-4FCF-4150-8D9A-97881F17CAAA}.Debug|x64.ActiveCfg = Debug|x64
		{96CDBDE3-4FCF-4150-8D9A-97881F17CAAA}.Debug|x64.Build.0 = Debug|x64
		{96CDBDE3-4FCF-4150-8D9A-97881F17CAAA}.Debug|x86.ActiveCfg = Debug|Win32
		{96CDBDE3-4FCF-4150-8D9A-97881F17CAAA}.Debug|x86.Build.0 = Debug|Win32
		{96CDBDE3-4FCF-4150-8D9A-97881F17CAAA}.Release|x64.ActiveCfg = Release|x64
		{96CDBDE3-4FCF-4150-8D9A-97881F17CAAA}.Release|x64.Build.0 = Release|x64
		{96CDBDE3-4FCF-4150-8D9A-97881F17CAAA}.Release|x86.ActiveCfg = Release|Win32
		{96CDBDE3-4FCF-4150-8D9A-97881F17CAAA}.Release|x86.Build.0 = Release|Win32
		{A1D0A298-3CB5-4D57-B270-EC88EE01BB66}.Debug|x64.ActiveCfg = Debug|x64
		{A1D0A298-3CB5-4D57-B270-EC88EE01BB66}.Debug|x64.Build.0 = Debug|x64
		{A1D0A298-3CB5-4D57-B270-EC88EE01BB66}.Debug|x86.ActiveCfg = Debug|Win32
		{A1D0A298-3CB5-4D57-B270-EC88EE01BB66}.Debug|x86.Build.0 = Debug|Win32
		{A1D0A298-3CB5-4D57-B270-EC88EE01BB66}.Release|x64.ActiveCfg = Release|x64
		{A1D0A298-3CB5-4D57-B270-EC88EE01BB66}.Release|x64.Build.0 = Release|x64
		{A1D0A298-3CB5-4D57-B270-EC88EE01BB66}.Release|x86.ActiveCfg = Release|Win32
		{A1D0A298-3CB5-4D57-B270-EC88EE01BB66}.Release|x86.Build.0 = Release|Win32
		{5A58E726-AEF8-4B00-BA04-8579223E1D8E}.Debug|x64.ActiveCfg = Debug|x64
		{5A58E726-AEF8-4B00-BA04-8579223E1D8E}.Debug|x64.Build.0 = Debug|x64
		{5A58E726-AEF8-4B00-BA04-8579223E1D8E}.Debug|x86.ActiveCfg = Debug|Win32
		{5A58E726-AEF8-4B00-BA04-8579223E1D8E}.Debug|x86.Build.0 = Debug|Win32
		{5A58E726-AEF8-4B00-BA04-8579223E1D8E}.Release|x64.ActiveCfg = Release|x64
		{5A58E726-AEF8-4B00-BA04-8579223E1D8E}.Release|x64.Build.0 = Release|x64
		{5A58E726-AEF8-4B00-BA04-8579223E1D8E}.Release|x86.ActiveCfg = Release|Win32
		{5A58E726-AEF8-4B00-BA04-8579223E1D8E}.Release|x86.Build.0 = Release|Win32
	EndGlobalSection
	GlobalSection(SolutionProperties) = preSolution
		HideSolutionNode = FALSE
	EndGlobalSection
	GlobalSection(ExtensibilityGlobals) = postSolution
		SolutionGuid = {3D79822B-94B4-4EBD-99E2-22CDEB49C753}
	EndGlobalSection
EndGlobal
