
Microsoft Visual Studio Solution File, Format Version 12.00
# Visual Studio Version 16
VisualStudioVersion = 16.0.29519.87
MinimumVisualStudioVersion = 10.0.40219.1
Project("{2150E333-8FDC-42A3-9474-1A3956D46DE8}") = "CommonFiles", "CommonFiles", "{2CE2E9C7-BE08-4789-8B0C-EBAA146F1A22}"
EndProject
Project("{8BC9CEB8-8B4A-11D0-8D11-00A0C91BC942}") = "01-InjectDllTools", "InjectDllTools\InjectDllTools.vcxproj", "{6F41A39D-7C03-46D1-BE86-1E6CA6090FE3}"
EndProject
Project("{8BC9CEB8-8B4A-11D0-8D11-00A0C91BC942}") = "05-WxUserInfo", "WxUserInfo\WxUserInfo.vcxproj", "{96CDBDE3-4FCF-4150-8D9A-97881F17CAAA}"
EndProject
Project("{8BC9CEB8-8B4A-11D0-8D11-00A0C91BC942}") = "02-WxMsgReceive", "WxMsgReceive\WxMsgReceive.vcxproj", "{A1D0A298-3CB5-4D57-B270-EC88EE01BB66}"
EndProject
Project("{8BC9CEB8-8B4A-11D0-8D11-00A0C91BC942}") = "03-WxMsgSendText", "WxMsgSendText\WxMsgSendText.vcxproj", "{5A58E726-AEF8-4B00-BA04-8579223E1D8E}"
EndProject
Project("{8BC9CEB8-8B4A-11D0-8D11-00A0C91BC942}") = "08-WxRoomMember", "WxRoomMember\WxRoomMember.vcxproj", "{7D511EF1-A412-4A92-B333-F5EA493773D3}"
EndProject
Project("{8BC9CEB8-8B4A-11D0-8D11-00A0C91BC942}") = "07-WxRoomList", "WxRoomList\WxRoomList.vcxproj", "{DE5682AF-7E88-451A-93B7-A97C3CE665D0}"
EndProject
Project("{8BC9CEB8-8B4A-11D0-8D11-00A0C91BC942}") = "06-WxContactList", "WxContactList\WxContactList.vcxproj", "{83EAE982-A646-415C-BA0B-994982314FBB}"
EndProject
Project("{8BC9CEB8-8B4A-11D0-8D11-00A0C91BC942}") = "04-WxMsgSendFile", "WxMsgSendFile\WxMsgSendFile.vcxproj", "{34FC050C-7131-4128-84F2-FAFCA7AE5D98}"
EndProject
Project("{8BC9CEB8-8B4A-11D0-8D11-00A0C91BC942}") = "10-LoaderTest", "10-LoaderTest\10-LoaderTest.vcxproj", "{4D96156B-37C3-44CB-8EFC-8F0BDD6C71AC}"
EndProject
Project("{8BC9CEB8-8B4A-11D0-8D11-00A0C91BC942}") = "11-WxLoader", "11-WxLoader\11-WxLoader.vcxproj", "{5F62BCE7-B21E-4562-B361-611BAC4673A2}"
EndProject
Project("{8BC9CEB8-8B4A-11D0-8D11-00A0C91BC942}") = "12-WxHelper", "12-WxHelper\12-WxHelper.vcxproj", "{2D54C7A8-8381-4DC5-A2EC-3FBA4A84335D}"
EndProject
Global
	GlobalSection(SolutionConfigurationPlatforms) = preSolution
		Debug|x64 = Debug|x64
		Debug|x86 = Debug|x86
		Release|x64 = Release|x64
		Release|x86 = Release|x86
	EndGlobalSection
	GlobalSection(ProjectConfigurationPlatforms) = postSolution
		{6F41A39D-7C03-46D1-BE86-1E6CA6090FE3}.Debug|x64.ActiveCfg = Debug|x64
		{6F41A39D-7C03-46D1-BE86-1E6CA6090FE3}.Debug|x64.Build.0 = Debug|x64
		{6F41A39D-7C03-46D1-BE86-1E6CA6090FE3}.Debug|x86.ActiveCfg = Debug|Win32
		{6F41A39D-7C03-46D1-BE86-1E6CA6090FE3}.Debug|x86.Build.0 = Debug|Win32
		{6F41A39D-7C03-46D1-BE86-1E6CA6090FE3}.Release|x64.ActiveCfg = Release|x64
		{6F41A39D-7C03-46D1-BE86-1E6CA6090FE3}.Release|x64.Build.0 = Release|x64
		{6F41A39D-7C03-46D1-BE86-1E6CA6090FE3}.Release|x86.ActiveCfg = Release|Win32
		{6F41A39D-7C03-46D1-BE86-1E6CA6090FE3}.Release|x86.Build.0 = Release|Win32
		{96CDBDE3-4FCF-4150-8D9A-97881F17CAAA}.Debug|x64.ActiveCfg = Debug|x64
		{96CDBDE3-4FCF-4150-8D9A-97881F17CAAA}.Debug|x64.Build.0 = Debug|x64
		{96CDBDE3-4FCF-4150-8D9A-97881F17CAAA}.Debug|x86.ActiveCfg = Debug|Win32
		{96CDBDE3-4FCF-4150-8D9A-97881F17CAAA}.Debug|x86.Build.0 = Debug|Win32
		{96CDBDE3-4FCF-4150-8D9A-97881F17CAAA}.Release|x64.ActiveCfg = Release|x64
		{96CDBDE3-4FCF-4150-8D9A-97881F17CAAA}.Release|x64.Build.0 = Release|x64
		{96CDBDE3-4FCF-4150-8D9A-97881F17CAAA}.Release|x86.ActiveCfg = Release|Win32
		{96CDBDE3-4FCF-4150-8D9A-97881F17CAAA}.Release|x86.Build.0 = Release|Win32
		{A1D0A298-3CB5-4D57-B270-EC88EE01BB66}.Debug|x64.ActiveCfg = Debug|x64
		{A1D0A298-3CB5-4D57-B270-EC88EE01BB66}.Debug|x64.Build.0 = Debug|x64
		{A1D0A298-3CB5-4D57-B270-EC88EE01BB66}.Debug|x86.ActiveCfg = Debug|Win32
		{A1D0A298-3CB5-4D57-B270-EC88EE01BB66}.Debug|x86.Build.0 = Debug|Win32
		{A1D0A298-3CB5-4D57-B270-EC88EE01BB66}.Release|x64.ActiveCfg = Release|x64
		{A1D0A298-3CB5-4D57-B270-EC88EE01BB66}.Release|x64.Build.0 = Release|x64
		{A1D0A298-3CB5-4D57-B270-EC88EE01BB66}.Release|x86.ActiveCfg = Release|Win32
		{A1D0A298-3CB5-4D57-B270-EC88EE01BB66}.Release|x86.Build.0 = Release|Win32
		{5A58E726-AEF8-4B00-BA04-8579223E1D8E}.Debug|x64.ActiveCfg = Debug|x64
		{5A58E726-AEF8-4B00-BA04-8579223E1D8E}.Debug|x64.Build.0 = Debug|x64
		{5A58E726-AEF8-4B00-BA04-8579223E1D8E}.Debug|x86.ActiveCfg = Debug|Win32
		{5A58E726-AEF8-4B00-BA04-8579223E1D8E}.Debug|x86.Build.0 = Debug|Win32
		{5A58E726-AEF8-4B00-BA04-8579223E1D8E}.Release|x64.ActiveCfg = Release|x64
		{5A58E726-AEF8-4B00-BA04-8579223E1D8E}.Release|x64.Build.0 = Release|x64
		{5A58E726-AEF8-4B00-BA04-8579223E1D8E}.Release|x86.ActiveCfg = Release|Win32
		{5A58E726-AEF8-4B00-BA04-8579223E1D8E}.Release|x86.Build.0 = Release|Win32
		{7D511EF1-A412-4A92-B333-F5EA493773D3}.Debug|x64.ActiveCfg = Debug|x64
		{7D511EF1-A412-4A92-B333-F5EA493773D3}.Debug|x64.Build.0 = Debug|x64
		{7D511EF1-A412-4A92-B333-F5EA493773D3}.Debug|x86.ActiveCfg = Debug|Win32
		{7D511EF1-A412-4A92-B333-F5EA493773D3}.Debug|x86.Build.0 = Debug|Win32
		{7D511EF1-A412-4A92-B333-F5EA493773D3}.Release|x64.ActiveCfg = Release|x64
		{7D511EF1-A412-4A92-B333-F5EA493773D3}.Release|x64.Build.0 = Release|x64
		{7D511EF1-A412-4A92-B333-F5EA493773D3}.Release|x86.ActiveCfg = Release|Win32
		{7D511EF1-A412-4A92-B333-F5EA493773D3}.Release|x86.Build.0 = Release|Win32
		{DE5682AF-7E88-451A-93B7-A97C3CE665D0}.Debug|x64.ActiveCfg = Debug|x64
		{DE5682AF-7E88-451A-93B7-A97C3CE665D0}.Debug|x64.Build.0 = Debug|x64
		{DE5682AF-7E88-451A-93B7-A97C3CE665D0}.Debug|x86.ActiveCfg = Debug|Win32
		{DE5682AF-7E88-451A-93B7-A97C3CE665D0}.Debug|x86.Build.0 = Debug|Win32
		{DE5682AF-7E88-451A-93B7-A97C3CE665D0}.Release|x64.ActiveCfg = Release|x64
		{DE5682AF-7E88-451A-93B7-A97C3CE665D0}.Release|x64.Build.0 = Release|x64
		{DE5682AF-7E88-451A-93B7-A97C3CE665D0}.Release|x86.ActiveCfg = Release|Win32
		{DE5682AF-7E88-451A-93B7-A97C3CE665D0}.Release|x86.Build.0 = Release|Win32
		{83EAE982-A646-415C-BA0B-994982314FBB}.Debug|x64.ActiveCfg = Debug|x64
		{83EAE982-A646-415C-BA0B-994982314FBB}.Debug|x64.Build.0 = Debug|x64
		{83EAE982-A646-415C-BA0B-994982314FBB}.Debug|x86.ActiveCfg = Debug|Win32
		{83EAE982-A646-415C-BA0B-994982314FBB}.Debug|x86.Build.0 = Debug|Win32
		{83EAE982-A646-415C-BA0B-994982314FBB}.Release|x64.ActiveCfg = Release|x64
		{83EAE982-A646-415C-BA0B-994982314FBB}.Release|x64.Build.0 = Release|x64
		{83EAE982-A646-415C-BA0B-994982314FBB}.Release|x86.ActiveCfg = Release|Win32
		{83EAE982-A646-415C-BA0B-994982314FBB}.Release|x86.Build.0 = Release|Win32
		{34FC050C-7131-4128-84F2-FAFCA7AE5D98}.Debug|x64.ActiveCfg = Debug|x64
		{34FC050C-7131-4128-84F2-FAFCA7AE5D98}.Debug|x64.Build.0 = Debug|x64
		{34FC050C-7131-4128-84F2-FAFCA7AE5D98}.Debug|x86.ActiveCfg = Debug|Win32
		{34FC050C-7131-4128-84F2-FAFCA7AE5D98}.Debug|x86.Build.0 = Debug|Win32
		{34FC050C-7131-4128-84F2-FAFCA7AE5D98}.Release|x64.ActiveCfg = Release|x64
		{34FC050C-7131-4128-84F2-FAFCA7AE5D98}.Release|x64.Build.0 = Release|x64
		{34FC050C-7131-4128-84F2-FAFCA7AE5D98}.Release|x86.ActiveCfg = Release|Win32
		{34FC050C-7131-4128-84F2-FAFCA7AE5D98}.Release|x86.Build.0 = Release|Win32
		{4D96156B-37C3-44CB-8EFC-8F0BDD6C71AC}.Debug|x64.ActiveCfg = Debug|x64
		{4D96156B-37C3-44CB-8EFC-8F0BDD6C71AC}.Debug|x64.Build.0 = Debug|x64
		{4D96156B-37C3-44CB-8EFC-8F0BDD6C71AC}.Debug|x86.ActiveCfg = Debug|Win32
		{4D96156B-37C3-44CB-8EFC-8F0BDD6C71AC}.Debug|x86.Build.0 = Debug|Win32
		{4D96156B-37C3-44CB-8EFC-8F0BDD6C71AC}.Release|x64.ActiveCfg = Release|x64
		{4D96156B-37C3-44CB-8EFC-8F0BDD6C71AC}.Release|x64.Build.0 = Release|x64
		{4D96156B-37C3-44CB-8EFC-8F0BDD6C71AC}.Release|x86.ActiveCfg = Release|Win32
		{4D96156B-37C3-44CB-8EFC-8F0BDD6C71AC}.Release|x86.Build.0 = Release|Win32
		{5F62BCE7-B21E-4562-B361-611BAC4673A2}.Debug|x64.ActiveCfg = Debug|x64
		{5F62BCE7-B21E-4562-B361-611BAC4673A2}.Debug|x64.Build.0 = Debug|x64
		{5F62BCE7-B21E-4562-B361-611BAC4673A2}.Debug|x86.ActiveCfg = Debug|Win32
		{5F62BCE7-B21E-4562-B361-611BAC4673A2}.Debug|x86.Build.0 = Debug|Win32
		{5F62BCE7-B21E-4562-B361-611BAC4673A2}.Release|x64.ActiveCfg = Release|x64
		{5F62BCE7-B21E-4562-B361-611BAC4673A2}.Release|x64.Build.0 = Release|x64
		{5F62BCE7-B21E-4562-B361-611BAC4673A2}.Release|x86.ActiveCfg = Release|Win32
		{5F62BCE7-B21E-4562-B361-611BAC4673A2}.Release|x86.Build.0 = Release|Win32
		{2D54C7A8-8381-4DC5-A2EC-3FBA4A84335D}.Debug|x64.ActiveCfg = Debug|x64
		{2D54C7A8-8381-4DC5-A2EC-3FBA4A84335D}.Debug|x64.Build.0 = Debug|x64
		{2D54C7A8-8381-4DC5-A2EC-3FBA4A84335D}.Debug|x86.ActiveCfg = Debug|Win32
		{2D54C7A8-8381-4DC5-A2EC-3FBA4A84335D}.Debug|x86.Build.0 = Debug|Win32
		{2D54C7A8-8381-4DC5-A2EC-3FBA4A84335D}.Release|x64.ActiveCfg = Release|x64
		{2D54C7A8-8381-4DC5-A2EC-3FBA4A84335D}.Release|x64.Build.0 = Release|x64
		{2D54C7A8-8381-4DC5-A2EC-3FBA4A84335D}.Release|x86.ActiveCfg = Release|Win32
		{2D54C7A8-8381-4DC5-A2EC-3FBA4A84335D}.Release|x86.Build.0 = Release|Win32
	EndGlobalSection
	GlobalSection(SolutionProperties) = preSolution
		HideSolutionNode = FALSE
	EndGlobalSection
	GlobalSection(ExtensibilityGlobals) = postSolution
		SolutionGuid = {3D79822B-94B4-4EBD-99E2-22CDEB49C753}
	EndGlobalSection
EndGlobal
