
Microsoft Visual Studio Solution File, Format Version 12.00
# Visual Studio Version 16
VisualStudioVersion = 16.0.29519.87
MinimumVisualStudioVersion = 10.0.40219.1
Project("{2150E333-8FDC-42A3-9474-1A3956D46DE8}") = "CommonFiles", "CommonFiles", "{2CE2E9C7-BE08-4789-8B0C-EBAA146F1A22}"
EndProject
Project("{8BC9CEB8-8B4A-11D0-8D11-00A0C91BC942}") = "01-InjectDllTools", "InjectDllTools\InjectDllTools.vcxproj", "{6F41A39D-7C03-46D1-BE86-1E6CA6090FE3}"
EndProject
Project("{8BC9CEB8-8B4A-11D0-8D11-00A0C91BC942}") = "05-WxUserInfo", "WxUserInfo\WxUserInfo.vcxproj", "{96CDBDE3-4FCF-4150-8D9A-97881F17CAAA}"
EndProject
Project("{8BC9CEB8-8B4A-11D0-8D11-00A0C91BC942}") = "02-WxMsgReceive", "WxMsgReceive\WxMsgReceive.vcxproj", "{A1D0A298-3CB5-4D57-B270-EC88EE01BB66}"
EndProject
Project("{8BC9CEB8-8B4A-11D0-8D11-00A0C91BC942}") = "03-WxMsgSendText", "WxMsgSendText\WxMsgSendText.vcxproj", "{5A58E726-AEF8-4B00-BA04-8579223E1D8E}"
EndProject
Project("{8BC9CEB8-8B4A-11D0-8D11-00A0C91BC942}") = "07-WxRoomList", "WxRoomList\WxRoomList.vcxproj", "{DE5682AF-7E88-451A-93B7-A97C3CE665D0}"
EndProject
Project("{8BC9CEB8-8B4A-11D0-8D11-00A0C91BC942}") = "06-WxContactList", "WxContactList\WxContactList.vcxproj", "{83EAE982-A646-415C-BA0B-994982314FBB}"
EndProject
Project("{8BC9CEB8-8B4A-11D0-8D11-00A0C91BC942}") = "04-WxMsgSendFile", "WxMsgSendFile\WxMsgSendFile.vcxproj", "{34FC050C-7131-4128-84F2-FAFCA7AE5D98}"
EndProject
Project("{8BC9CEB8-8B4A-11D0-8D11-00A0C91BC942}") = "10-LoaderTest", "10-LoaderTest\10-LoaderTest.vcxproj", "{4D96156B-37C3-44CB-8EFC-8F0BDD6C71AC}"
EndProject
Project("{8BC9CEB8-8B4A-11D0-8D11-00A0C91BC942}") = "11-WxLoader", "11-WxLoader\11-WxLoader.vcxproj", "{5F62BCE7-B21E-4562-B361-611BAC4673A2}"
EndProject
Project("{8BC9CEB8-8B4A-11D0-8D11-00A0C91BC942}") = "12-WxHelper", "12-WxHelper\12-WxHelper.vcxproj", "{2D54C7A8-8381-4DC5-A2EC-3FBA4A84335D}"
EndProject
Project("{8BC9CEB8-8B4A-11D0-8D11-00A0C91BC942}") = "20-DebugString", "20-DebugString\20-DebugString.vcxproj", "{7F43863D-0CE8-40AA-A602-94687FFBD2E3}"
EndProject
Project("{8BC9CEB8-8B4A-11D0-8D11-00A0C91BC942}") = "08-GetChatRoomMember", "08-GetChatRoomMember\08-GetChatRoomMember.vcxproj", "{F0F39249-C237-4D85-B475-5D31A22FAF33}"
EndProject
Project("{9A19103F-16F7-4668-BE54-9A1E7A4F7556}") = "05-GetUserInfoCSharp", "05-GetUserInfoCSharp\05-GetUserInfoCSharp.csproj", "{94370FFA-1290-4A1F-B785-213A4C713056}"
EndProject
Project("{8BC9CEB8-8B4A-11D0-8D11-00A0C91BC942}") = "09-GetVersion", "09-GetVersion\09-GetVersion.vcxproj", "{1AC709B6-3CCA-402F-BE65-97CE26854B08}"
EndProject
Project("{8BC9CEB8-8B4A-11D0-8D11-00A0C91BC942}") = "09-GetVersionConsole", "09-GetVersionConsole\09-GetVersionConsole.vcxproj", "{4DD1ACF1-2587-47C0-BB2D-EABD49E495D4}"
EndProject
Global
	GlobalSection(SolutionConfigurationPlatforms) = preSolution
		Debug|Any CPU = Debug|Any CPU
		Debug|x64 = Debug|x64
		Debug|x86 = Debug|x86
		Release|Any CPU = Release|Any CPU
		Release|x64 = Release|x64
		Release|x86 = Release|x86
	EndGlobalSection
	GlobalSection(ProjectConfigurationPlatforms) = postSolution
		{6F41A39D-7C03-46D1-BE86-1E6CA6090FE3}.Debug|Any CPU.ActiveCfg = Debug|Win32
		{6F41A39D-7C03-46D1-BE86-1E6CA6090FE3}.Debug|x64.ActiveCfg = Debug|x64
		{6F41A39D-7C03-46D1-BE86-1E6CA6090FE3}.Debug|x64.Build.0 = Debug|x64
		{6F41A39D-7C03-46D1-BE86-1E6CA6090FE3}.Debug|x86.ActiveCfg = Debug|Win32
		{6F41A39D-7C03-46D1-BE86-1E6CA6090FE3}.Debug|x86.Build.0 = Debug|Win32
		{6F41A39D-7C03-46D1-BE86-1E6CA6090FE3}.Release|Any CPU.ActiveCfg = Release|Win32
		{6F41A39D-7C03-46D1-BE86-1E6CA6090FE3}.Release|x64.ActiveCfg = Release|x64
		{6F41A39D-7C03-46D1-BE86-1E6CA6090FE3}.Release|x64.Build.0 = Release|x64
		{6F41A39D-7C03-46D1-BE86-1E6CA6090FE3}.Release|x86.ActiveCfg = Release|Win32
		{6F41A39D-7C03-46D1-BE86-1E6CA6090FE3}.Release|x86.Build.0 = Release|Win32
		{96CDBDE3-4FCF-4150-8D9A-97881F17CAAA}.Debug|Any CPU.ActiveCfg = Debug|Win32
		{96CDBDE3-4FCF-4150-8D9A-97881F17CAAA}.Debug|x64.ActiveCfg = Debug|x64
		{96CDBDE3-4FCF-4150-8D9A-97881F17CAAA}.Debug|x64.Build.0 = Debug|x64
		{96CDBDE3-4FCF-4150-8D9A-97881F17CAAA}.Debug|x86.ActiveCfg = Debug|Win32
		{96CDBDE3-4FCF-4150-8D9A-97881F17CAAA}.Debug|x86.Build.0 = Debug|Win32
		{96CDBDE3-4FCF-4150-8D9A-97881F17CAAA}.Release|Any CPU.ActiveCfg = Release|Win32
		{96CDBDE3-4FCF-4150-8D9A-97881F17CAAA}.Release|x64.ActiveCfg = Release|x64
		{96CDBDE3-4FCF-4150-8D9A-97881F17CAAA}.Release|x64.Build.0 = Release|x64
		{96CDBDE3-4FCF-4150-8D9A-97881F17CAAA}.Release|x86.ActiveCfg = Release|Win32
		{96CDBDE3-4FCF-4150-8D9A-97881F17CAAA}.Release|x86.Build.0 = Release|Win32
		{A1D0A298-3CB5-4D57-B270-EC88EE01BB66}.Debug|Any CPU.ActiveCfg = Debug|Win32
		{A1D0A298-3CB5-4D57-B270-EC88EE01BB66}.Debug|x64.ActiveCfg = Debug|x64
		{A1D0A298-3CB5-4D57-B270-EC88EE01BB66}.Debug|x64.Build.0 = Debug|x64
		{A1D0A298-3CB5-4D57-B270-EC88EE01BB66}.Debug|x86.ActiveCfg = Debug|Win32
		{A1D0A298-3CB5-4D57-B270-EC88EE01BB66}.Debug|x86.Build.0 = Debug|Win32
		{A1D0A298-3CB5-4D57-B270-EC88EE01BB66}.Release|Any CPU.ActiveCfg = Release|Win32
		{A1D0A298-3CB5-4D57-B270-EC88EE01BB66}.Release|x64.ActiveCfg = Release|x64
		{A1D0A298-3CB5-4D57-B270-EC88EE01BB66}.Release|x64.Build.0 = Release|x64
		{A1D0A298-3CB5-4D57-B270-EC88EE01BB66}.Release|x86.ActiveCfg = Release|Win32
		{A1D0A298-3CB5-4D57-B270-EC88EE01BB66}.Release|x86.Build.0 = Release|Win32
		{5A58E726-AEF8-4B00-BA04-8579223E1D8E}.Debug|Any CPU.ActiveCfg = Debug|Win32
		{5A58E726-AEF8-4B00-BA04-8579223E1D8E}.Debug|x64.ActiveCfg = Debug|x64
		{5A58E726-AEF8-4B00-BA04-8579223E1D8E}.Debug|x64.Build.0 = Debug|x64
		{5A58E726-AEF8-4B00-BA04-8579223E1D8E}.Debug|x86.ActiveCfg = Debug|Win32
		{5A58E726-AEF8-4B00-BA04-8579223E1D8E}.Debug|x86.Build.0 = Debug|Win32
		{5A58E726-AEF8-4B00-BA04-8579223E1D8E}.Release|Any CPU.ActiveCfg = Release|Win32
		{5A58E726-AEF8-4B00-BA04-8579223E1D8E}.Release|x64.ActiveCfg = Release|x64
		{5A58E726-AEF8-4B00-BA04-8579223E1D8E}.Release|x64.Build.0 = Release|x64
		{5A58E726-AEF8-4B00-BA04-8579223E1D8E}.Release|x86.ActiveCfg = Release|Win32
		{5A58E726-AEF8-4B00-BA04-8579223E1D8E}.Release|x86.Build.0 = Release|Win32
		{DE5682AF-7E88-451A-93B7-A97C3CE665D0}.Debug|Any CPU.ActiveCfg = Debug|Win32
		{DE5682AF-7E88-451A-93B7-A97C3CE665D0}.Debug|x64.ActiveCfg = Debug|x64
		{DE5682AF-7E88-451A-93B7-A97C3CE665D0}.Debug|x64.Build.0 = Debug|x64
		{DE5682AF-7E88-451A-93B7-A97C3CE665D0}.Debug|x86.ActiveCfg = Debug|Win32
		{DE5682AF-7E88-451A-93B7-A97C3CE665D0}.Debug|x86.Build.0 = Debug|Win32
		{DE5682AF-7E88-451A-93B7-A97C3CE665D0}.Release|Any CPU.ActiveCfg = Release|Win32
		{DE5682AF-7E88-451A-93B7-A97C3CE665D0}.Release|x64.ActiveCfg = Release|x64
		{DE5682AF-7E88-451A-93B7-A97C3CE665D0}.Release|x64.Build.0 = Release|x64
		{DE5682AF-7E88-451A-93B7-A97C3CE665D0}.Release|x86.ActiveCfg = Release|Win32
		{DE5682AF-7E88-451A-93B7-A97C3CE665D0}.Release|x86.Build.0 = Release|Win32
		{83EAE982-A646-415C-BA0B-994982314FBB}.Debug|Any CPU.ActiveCfg = Debug|Win32
		{83EAE982-A646-415C-BA0B-994982314FBB}.Debug|x64.ActiveCfg = Debug|x64
		{83EAE982-A646-415C-BA0B-994982314FBB}.Debug|x64.Build.0 = Debug|x64
		{83EAE982-A646-415C-BA0B-994982314FBB}.Debug|x86.ActiveCfg = Debug|Win32
		{83EAE982-A646-415C-BA0B-994982314FBB}.Debug|x86.Build.0 = Debug|Win32
		{83EAE982-A646-415C-BA0B-994982314FBB}.Release|Any CPU.ActiveCfg = Release|Win32
		{83EAE982-A646-415C-BA0B-994982314FBB}.Release|x64.ActiveCfg = Release|x64
		{83EAE982-A646-415C-BA0B-994982314FBB}.Release|x64.Build.0 = Release|x64
		{83EAE982-A646-415C-BA0B-994982314FBB}.Release|x86.ActiveCfg = Release|Win32
		{83EAE982-A646-415C-BA0B-994982314FBB}.Release|x86.Build.0 = Release|Win32
		{34FC050C-7131-4128-84F2-FAFCA7AE5D98}.Debug|Any CPU.ActiveCfg = Debug|Win32
		{34FC050C-7131-4128-84F2-FAFCA7AE5D98}.Debug|x64.ActiveCfg = Debug|x64
		{34FC050C-7131-4128-84F2-FAFCA7AE5D98}.Debug|x64.Build.0 = Debug|x64
		{34FC050C-7131-4128-84F2-FAFCA7AE5D98}.Debug|x86.ActiveCfg = Debug|Win32
		{34FC050C-7131-4128-84F2-FAFCA7AE5D98}.Debug|x86.Build.0 = Debug|Win32
		{34FC050C-7131-4128-84F2-FAFCA7AE5D98}.Release|Any CPU.ActiveCfg = Release|Win32
		{34FC050C-7131-4128-84F2-FAFCA7AE5D98}.Release|x64.ActiveCfg = Release|x64
		{34FC050C-7131-4128-84F2-FAFCA7AE5D98}.Release|x64.Build.0 = Release|x64
		{34FC050C-7131-4128-84F2-FAFCA7AE5D98}.Release|x86.ActiveCfg = Release|Win32
		{34FC050C-7131-4128-84F2-FAFCA7AE5D98}.Release|x86.Build.0 = Release|Win32
		{4D96156B-37C3-44CB-8EFC-8F0BDD6C71AC}.Debug|Any CPU.ActiveCfg = Debug|Win32
		{4D96156B-37C3-44CB-8EFC-8F0BDD6C71AC}.Debug|x64.ActiveCfg = Debug|x64
		{4D96156B-37C3-44CB-8EFC-8F0BDD6C71AC}.Debug|x64.Build.0 = Debug|x64
		{4D96156B-37C3-44CB-8EFC-8F0BDD6C71AC}.Debug|x86.ActiveCfg = Debug|Win32
		{4D96156B-37C3-44CB-8EFC-8F0BDD6C71AC}.Debug|x86.Build.0 = Debug|Win32
		{4D96156B-37C3-44CB-8EFC-8F0BDD6C71AC}.Release|Any CPU.ActiveCfg = Release|Win32
		{4D96156B-37C3-44CB-8EFC-8F0BDD6C71AC}.Release|x64.ActiveCfg = Release|x64
		{4D96156B-37C3-44CB-8EFC-8F0BDD6C71AC}.Release|x64.Build.0 = Release|x64
		{4D96156B-37C3-44CB-8EFC-8F0BDD6C71AC}.Release|x86.ActiveCfg = Release|Win32
		{4D96156B-37C3-44CB-8EFC-8F0BDD6C71AC}.Release|x86.Build.0 = Release|Win32
		{5F62BCE7-B21E-4562-B361-611BAC4673A2}.Debug|Any CPU.ActiveCfg = Debug|Win32
		{5F62BCE7-B21E-4562-B361-611BAC4673A2}.Debug|x64.ActiveCfg = Debug|x64
		{5F62BCE7-B21E-4562-B361-611BAC4673A2}.Debug|x64.Build.0 = Debug|x64
		{5F62BCE7-B21E-4562-B361-611BAC4673A2}.Debug|x86.ActiveCfg = Debug|Win32
		{5F62BCE7-B21E-4562-B361-611BAC4673A2}.Debug|x86.Build.0 = Debug|Win32
		{5F62BCE7-B21E-4562-B361-611BAC4673A2}.Release|Any CPU.ActiveCfg = Release|Win32
		{5F62BCE7-B21E-4562-B361-611BAC4673A2}.Release|x64.ActiveCfg = Release|x64
		{5F62BCE7-B21E-4562-B361-611BAC4673A2}.Release|x64.Build.0 = Release|x64
		{5F62BCE7-B21E-4562-B361-611BAC4673A2}.Release|x86.ActiveCfg = Release|Win32
		{5F62BCE7-B21E-4562-B361-611BAC4673A2}.Release|x86.Build.0 = Release|Win32
		{2D54C7A8-8381-4DC5-A2EC-3FBA4A84335D}.Debug|Any CPU.ActiveCfg = Debug|Win32
		{2D54C7A8-8381-4DC5-A2EC-3FBA4A84335D}.Debug|x64.ActiveCfg = Debug|x64
		{2D54C7A8-8381-4DC5-A2EC-3FBA4A84335D}.Debug|x64.Build.0 = Debug|x64
		{2D54C7A8-8381-4DC5-A2EC-3FBA4A84335D}.Debug|x86.ActiveCfg = Debug|Win32
		{2D54C7A8-8381-4DC5-A2EC-3FBA4A84335D}.Debug|x86.Build.0 = Debug|Win32
		{2D54C7A8-8381-4DC5-A2EC-3FBA4A84335D}.Release|Any CPU.ActiveCfg = Release|Win32
		{2D54C7A8-8381-4DC5-A2EC-3FBA4A84335D}.Release|x64.ActiveCfg = Release|x64
		{2D54C7A8-8381-4DC5-A2EC-3FBA4A84335D}.Release|x64.Build.0 = Release|x64
		{2D54C7A8-8381-4DC5-A2EC-3FBA4A84335D}.Release|x86.ActiveCfg = Release|Win32
		{2D54C7A8-8381-4DC5-A2EC-3FBA4A84335D}.Release|x86.Build.0 = Release|Win32
		{7F43863D-0CE8-40AA-A602-94687FFBD2E3}.Debug|Any CPU.ActiveCfg = Debug|Win32
		{7F43863D-0CE8-40AA-A602-94687FFBD2E3}.Debug|x64.ActiveCfg = Debug|x64
		{7F43863D-0CE8-40AA-A602-94687FFBD2E3}.Debug|x64.Build.0 = Debug|x64
		{7F43863D-0CE8-40AA-A602-94687FFBD2E3}.Debug|x86.ActiveCfg = Debug|Win32
		{7F43863D-0CE8-40AA-A602-94687FFBD2E3}.Debug|x86.Build.0 = Debug|Win32
		{7F43863D-0CE8-40AA-A602-94687FFBD2E3}.Release|Any CPU.ActiveCfg = Release|Win32
		{7F43863D-0CE8-40AA-A602-94687FFBD2E3}.Release|x64.ActiveCfg = Release|x64
		{7F43863D-0CE8-40AA-A602-94687FFBD2E3}.Release|x64.Build.0 = Release|x64
		{7F43863D-0CE8-40AA-A602-94687FFBD2E3}.Release|x86.ActiveCfg = Release|Win32
		{7F43863D-0CE8-40AA-A602-94687FFBD2E3}.Release|x86.Build.0 = Release|Win32
		{F0F39249-C237-4D85-B475-5D31A22FAF33}.Debug|Any CPU.ActiveCfg = Debug|Win32
		{F0F39249-C237-4D85-B475-5D31A22FAF33}.Debug|x64.ActiveCfg = Debug|x64
		{F0F39249-C237-4D85-B475-5D31A22FAF33}.Debug|x64.Build.0 = Debug|x64
		{F0F39249-C237-4D85-B475-5D31A22FAF33}.Debug|x86.ActiveCfg = Debug|Win32
		{F0F39249-C237-4D85-B475-5D31A22FAF33}.Debug|x86.Build.0 = Debug|Win32
		{F0F39249-C237-4D85-B475-5D31A22FAF33}.Release|Any CPU.ActiveCfg = Release|Win32
		{F0F39249-C237-4D85-B475-5D31A22FAF33}.Release|x64.ActiveCfg = Release|x64
		{F0F39249-C237-4D85-B475-5D31A22FAF33}.Release|x64.Build.0 = Release|x64
		{F0F39249-C237-4D85-B475-5D31A22FAF33}.Release|x86.ActiveCfg = Release|Win32
		{F0F39249-C237-4D85-B475-5D31A22FAF33}.Release|x86.Build.0 = Release|Win32
		{94370FFA-1290-4A1F-B785-213A4C713056}.Debug|Any CPU.ActiveCfg = Debug|Any CPU
		{94370FFA-1290-4A1F-B785-213A4C713056}.Debug|Any CPU.Build.0 = Debug|Any CPU
		{94370FFA-1290-4A1F-B785-213A4C713056}.Debug|x64.ActiveCfg = Debug|Any CPU
		{94370FFA-1290-4A1F-B785-213A4C713056}.Debug|x64.Build.0 = Debug|Any CPU
		{94370FFA-1290-4A1F-B785-213A4C713056}.Debug|x86.ActiveCfg = Debug|Any CPU
		{94370FFA-1290-4A1F-B785-213A4C713056}.Debug|x86.Build.0 = Debug|Any CPU
		{94370FFA-1290-4A1F-B785-213A4C713056}.Release|Any CPU.ActiveCfg = Release|Any CPU
		{94370FFA-1290-4A1F-B785-213A4C713056}.Release|Any CPU.Build.0 = Release|Any CPU
		{94370FFA-1290-4A1F-B785-213A4C713056}.Release|x64.ActiveCfg = Release|Any CPU
		{94370FFA-1290-4A1F-B785-213A4C713056}.Release|x64.Build.0 = Release|Any CPU
		{94370FFA-1290-4A1F-B785-213A4C713056}.Release|x86.ActiveCfg = Release|Any CPU
		{94370FFA-1290-4A1F-B785-213A4C713056}.Release|x86.Build.0 = Release|Any CPU
		{1AC709B6-3CCA-402F-BE65-97CE26854B08}.Debug|Any CPU.ActiveCfg = Debug|Win32
		{1AC709B6-3CCA-402F-BE65-97CE26854B08}.Debug|x64.ActiveCfg = Debug|x64
		{1AC709B6-3CCA-402F-BE65-97CE26854B08}.Debug|x64.Build.0 = Debug|x64
		{1AC709B6-3CCA-402F-BE65-97CE26854B08}.Debug|x86.ActiveCfg = Debug|Win32
		{1AC709B6-3CCA-402F-BE65-97CE26854B08}.Debug|x86.Build.0 = Debug|Win32
		{1AC709B6-3CCA-402F-BE65-97CE26854B08}.Release|Any CPU.ActiveCfg = Release|Win32
		{1AC709B6-3CCA-402F-BE65-97CE26854B08}.Release|x64.ActiveCfg = Release|x64
		{1AC709B6-3CCA-402F-BE65-97CE26854B08}.Release|x64.Build.0 = Release|x64
		{1AC709B6-3CCA-402F-BE65-97CE26854B08}.Release|x86.ActiveCfg = Release|Win32
		{1AC709B6-3CCA-402F-BE65-97CE26854B08}.Release|x86.Build.0 = Release|Win32
		{4DD1ACF1-2587-47C0-BB2D-EABD49E495D4}.Debug|Any CPU.ActiveCfg = Debug|Win32
		{4DD1ACF1-2587-47C0-BB2D-EABD49E495D4}.Debug|x64.ActiveCfg = Debug|x64
		{4DD1ACF1-2587-47C0-BB2D-EABD49E495D4}.Debug|x64.Build.0 = Debug|x64
		{4DD1ACF1-2587-47C0-BB2D-EABD49E495D4}.Debug|x86.ActiveCfg = Debug|Win32
		{4DD1ACF1-2587-47C0-BB2D-EABD49E495D4}.Debug|x86.Build.0 = Debug|Win32
		{4DD1ACF1-2587-47C0-BB2D-EABD49E495D4}.Release|Any CPU.ActiveCfg = Release|Win32
		{4DD1ACF1-2587-47C0-BB2D-EABD49E495D4}.Release|x64.ActiveCfg = Release|x64
		{4DD1ACF1-2587-47C0-BB2D-EABD49E495D4}.Release|x64.Build.0 = Release|x64
		{4DD1ACF1-2587-47C0-BB2D-EABD49E495D4}.Release|x86.ActiveCfg = Release|Win32
		{4DD1ACF1-2587-47C0-BB2D-EABD49E495D4}.Release|x86.Build.0 = Release|Win32
	EndGlobalSection
	GlobalSection(SolutionProperties) = preSolution
		HideSolutionNode = FALSE
	EndGlobalSection
	GlobalSection(ExtensibilityGlobals) = postSolution
		SolutionGuid = {3D79822B-94B4-4EBD-99E2-22CDEB49C753}
	EndGlobalSection
EndGlobal
